<?xml version="1.0" encoding="utf-8"?>
<Project ToolsVersion="4.0" xmlns="http://schemas.microsoft.com/developer/msbuild/2003">
  <ItemGroup>
    <Filter Include="源文件">
      <UniqueIdentifier>{4FC737F1-C7A5-4376-A066-2A32D752A2FF}</UniqueIdentifier>
      <Extensions>cpp;c;cc;cxx;def;odl;idl;hpj;bat;asm;asmx</Extensions>
    </Filter>
    <Filter Include="头文件">
      <UniqueIdentifier>{93995380-89BD-4b04-88EB-625FBE52EBFB}</UniqueIdentifier>
      <Extensions>h;hpp;hxx;hm;inl;inc;xsd</Extensions>
    </Filter>
    <Filter Include="资源文件">
      <UniqueIdentifier>{67DA6AB6-F800-4c08-8B7A-83BB121AAD01}</UniqueIdentifier>
      <Extensions>rc;ico;cur;bmp;dlg;rc2;rct;bin;rgs;gif;jpg;jpeg;jpe;resx;tiff;tif;png;wav</Extensions>
    </Filter>
    <Filter Include="lib">
      <UniqueIdentifier>{98483e47-529e-4082-bcd4-33bdb8e912b3}</UniqueIdentifier>
    </Filter>
    <Filter Include="lib\json">
      <UniqueIdentifier>{2806a215-a025-4992-8083-f7374330991a}</UniqueIdentifier>
    </Filter>
    <Filter Include="lib\zhNet_Core">
      <UniqueIdentifier>{244a8a5b-2f44-4417-b4b9-5b35ab64b6ed}</UniqueIdentifier>
    </Filter>
    <Filter Include="lib\print_msg">
      <UniqueIdentifier>{b6e57f19-f5c5-4089-9df8-d9ced4ad1e23}</UniqueIdentifier>
    </Filter>
    <Filter Include="lib\zhlist">
      <UniqueIdentifier>{d87c9e30-1df9-4ce9-80c1-8c19db341292}</UniqueIdentifier>
    </Filter>
  </ItemGroup>
  <ItemGroup>
    <ClCompile Include="src\ck_assist.c">
      <Filter>源文件</Filter>
    </ClCompile>
    <ClCompile Include="src\assist_func.c">
      <Filter>源文件</Filter>
    </ClCompile>
    <ClCompile Include="lib\json\cJSON.c">
      <Filter>lib\json</Filter>
    </ClCompile>
    <ClCompile Include="lib\zhNet_Core\session.c">
      <Filter>lib\zhNet_Core</Filter>
    </ClCompile>
    <ClCompile Include="lib\zhNet_Core\socket.c">
      <Filter>lib\zhNet_Core</Filter>
    </ClCompile>
    <ClCompile Include="lib\zhNet_Core\encrypt.c">
      <Filter>lib\zhNet_Core</Filter>
    </ClCompile>
    <ClCompile Include="lib\zhNet_Core\netlist.c">
      <Filter>lib\zhNet_Core</Filter>
    </ClCompile>
    <ClCompile Include="lib\zhNet_Core\packet.c">
      <Filter>lib\zhNet_Core</Filter>
    </ClCompile>
    <ClCompile Include="lib\zhNet_Core\packet_heap.c">
      <Filter>lib\zhNet_Core</Filter>
    </ClCompile>
    <ClCompile Include="lib\zhNet_Core\platform.c">
      <Filter>lib\zhNet_Core</Filter>
    </ClCompile>
    <ClCompile Include="lib\zhlist\zhlist.c">
      <Filter>lib\zhlist</Filter>
    </ClCompile>
    <ClCompile Include="lib\zhlist\zhlist_exp.c">
      <Filter>lib\zhlist</Filter>
    </ClCompile>
    <ClCompile Include="lib\print_msg\encoding.c">
      <Filter>lib\print_msg</Filter>
    </ClCompile>
    <ClCompile Include="lib\print_msg\print_msg.c">
      <Filter>lib\print_msg</Filter>
    </ClCompile>
    <ClCompile Include="main.cpp">
      <Filter>源文件</Filter>
    </ClCompile>
    <ClCompile Include="src\udp_magr.cpp">
      <Filter>源文件</Filter>
    </ClCompile>
    <ClCompile Include="src\mian_proc.cpp">
      <Filter>源文件</Filter>
    </ClCompile>
    <ClCompile Include="src\assist_func2.cpp">
      <Filter>源文件</Filter>
    </ClCompile>
  </ItemGroup>
  <ItemGroup>
    <ClInclude Include="src\ck_assist.h">
      <Filter>头文件</Filter>
    </ClInclude>
    <ClInclude Include="src\assist_func.h">
      <Filter>头文件</Filter>
    </ClInclude>
    <ClInclude Include="lib\micro.h">
      <Filter>lib</Filter>
    </ClInclude>
    <ClInclude Include="lib\json\cJSON.h">
      <Filter>lib\json</Filter>
    </ClInclude>
    <ClInclude Include="lib\zhNet_Core\encrypt.h">
      <Filter>lib\zhNet_Core</Filter>
    </ClInclude>
    <ClInclude Include="lib\zhNet_Core\gcdef.h">
      <Filter>lib\zhNet_Core</Filter>
    </ClInclude>
    <ClInclude Include="lib\zhNet_Core\netlist.h">
      <Filter>lib\zhNet_Core</Filter>
    </ClInclude>
    <ClInclude Include="lib\zhNet_Core\packet.h">
      <Filter>lib\zhNet_Core</Filter>
    </ClInclude>
    <ClInclude Include="lib\zhNet_Core\packet_heap.h">
      <Filter>lib\zhNet_Core</Filter>
    </ClInclude>
    <ClInclude Include="lib\zhNet_Core\platform.h">
      <Filter>lib\zhNet_Core</Filter>
    </ClInclude>
    <ClInclude Include="lib\zhNet_Core\session.h">
      <Filter>lib\zhNet_Core</Filter>
    </ClInclude>
    <ClInclude Include="lib\zhNet_Core\socket.h">
      <Filter>lib\zhNet_Core</Filter>
    </ClInclude>
    <ClInclude Include="lib\zhlist\zhlist.h">
      <Filter>lib\zhlist</Filter>
    </ClInclude>
    <ClInclude Include="lib\zhlist\zhlist_exp.h">
      <Filter>lib\zhlist</Filter>
    </ClInclude>
    <ClInclude Include="lib\print_msg\encoding.h">
      <Filter>lib\print_msg</Filter>
    </ClInclude>
    <ClInclude Include="lib\print_msg\os_define.h">
      <Filter>lib\print_msg</Filter>
    </ClInclude>
    <ClInclude Include="lib\print_msg\print_msg.h">
      <Filter>lib\print_msg</Filter>
    </ClInclude>
    <ClInclude Include="src\udp_magr.h">
      <Filter>头文件</Filter>
    </ClInclude>
    <ClInclude Include="src\udp_magr_delegate.h">
      <Filter>头文件</Filter>
    </ClInclude>
    <ClInclude Include="src\main_proc.h">
      <Filter>头文件</Filter>
    </ClInclude>
    <ClInclude Include="src\assist_func2.h">
      <Filter>头文件</Filter>
    </ClInclude>
  </ItemGroup>
  <ItemGroup>
    <Text Include="ReadMe.txt" />
  </ItemGroup>
</Project>